{
  "name": "keycloak-js",
  "version": "1.0.0",
  "lockfileVersion": 2,
  "requires": true,
  "packages": {
    "": {
      "name": "keycloak-js",
      "version": "1.0.0",
      "license": "ISC",
      "dependencies": {
        "keycloak-js": "^26.1.2"
      }
    },
    "node_modules/keycloak-js": {
      "version": "26.1.2",
      "resolved": "https://registry.npmjs.org/keycloak-js/-/keycloak-js-26.1.2.tgz",
      "integrity": "sha512-nZ26zNgZevVSo7bqeljOfFVCQ4HnPTeYIwdfIwg0uSuXgxD+zS0j1uqaypPlqU17Hu8qHlygj0u72TxPlCWmYw==",
      "license": "Apache-2.0"
    }
  },
  "dependencies": {
    "keycloak-js": {
      "version": "26.1.2",
      "resolved": "https://registry.npmjs.org/keycloak-js/-/keycloak-js-26.1.2.tgz",
      "integrity": "sha512-nZ26zNgZevVSo7bqeljOfFVCQ4HnPTeYIwdfIwg0uSuXgxD+zS0j1uqaypPlqU17Hu8qHlygj0u72TxPlCWmYw=="
    }
  }
}
