{
  "name": "keycloak-js",
  "version": "1.0.0",
  "lockfileVersion": 2,
  "requires": true,
  "packages": {
    "": {
      "name": "keycloak-js",
      "version": "1.0.0",
      "license": "ISC",
      "dependencies": {
        "keycloak-js": "^26.0.0"
      }
    },
    "node_modules/keycloak-js": {
      "version": "26.0.0",
      "resolved": "https://registry.npmjs.org/keycloak-js/-/keycloak-js-26.0.0.tgz",
      "integrity": "sha512-uUvoc6luDuAOQ74i4/wKm1tGduYcJ/2jSh29Krekkt+ytn1mLL+mHug27FfpwgxcTb6yx+uL0OcehXwl3WIRMQ=="
    }
  },
  "dependencies": {
    "keycloak-js": {
      "version": "26.0.0",
      "resolved": "https://registry.npmjs.org/keycloak-js/-/keycloak-js-26.0.0.tgz",
      "integrity": "sha512-uUvoc6luDuAOQ74i4/wKm1tGduYcJ/2jSh29Krekkt+ytn1mLL+mHug27FfpwgxcTb6yx+uL0OcehXwl3WIRMQ=="
    }
  }
}
