{
  "name": "keycloak-js",
  "version": "1.0.0",
  "lockfileVersion": 2,
  "requires": true,
  "packages": {
    "": {
      "name": "keycloak-js",
      "version": "1.0.0",
      "license": "ISC",
      "dependencies": {
        "keycloak-js": "^26.2.4"
      }
    },
    "node_modules/keycloak-js": {
      "version": "26.2.4",
      "resolved": "https://registry.npmjs.org/keycloak-js/-/keycloak-js-26.2.4.tgz",
      "integrity": "sha512-PnXpR3ubETGOt0B/Qt2lxmPbkZr5bc3vlQsOqDoTPPQsZRp7JjhTKxlJ187uWh8qJhvBab6Gsjb06a8ayOPfuw==",
      "license": "Apache-2.0",
      "workspaces": [
        "test"
      ]
    }
  },
  "dependencies": {
    "keycloak-js": {
      "version": "26.2.4",
      "resolved": "https://registry.npmjs.org/keycloak-js/-/keycloak-js-26.2.4.tgz",
      "integrity": "sha512-PnXpR3ubETGOt0B/Qt2lxmPbkZr5bc3vlQsOqDoTPPQsZRp7JjhTKxlJ187uWh8qJhvBab6Gsjb06a8ayOPfuw=="
    }
  }
}
