
Microsoft Visual Studio Solution File, Format Version 12.00
Project("{FAE04EC0-301F-11D3-BF4B-00C04F79EFBC}") = "api", "api\api.csproj", "{DF1D196F-6305-4ADD-A02E-84CAF13F59C7}"
EndProject
Global
	GlobalSection(SolutionConfigurationPlatforms) = preSolution
		Debug|Any CPU = Debug|Any CPU
		Release|Any CPU = Release|Any CPU
	EndGlobalSection
	GlobalSection(ProjectConfigurationPlatforms) = postSolution
		{DF1D196F-6305-4ADD-A02E-84CAF13F59C7}.Debug|Any CPU.ActiveCfg = Debug|Any CPU
		{DF1D196F-6305-4ADD-A02E-84CAF13F59C7}.Debug|Any CPU.Build.0 = Debug|Any CPU
		{DF1D196F-6305-4ADD-A02E-84CAF13F59C7}.Release|Any CPU.ActiveCfg = Release|Any CPU
		{DF1D196F-6305-4ADD-A02E-84CAF13F59C7}.Release|Any CPU.Build.0 = Release|Any CPU
	EndGlobalSection
EndGlobal
